// !$*UTF8*$!
{
	archiveVersion = 1;
	classes = {
	};
	objectVersion = 46;
	objects = {

/* Begin PBXBuildFile section */
		F1F2256C192ABB2A00C06FE0 /* Foundation.framework in Frameworks */ = {isa = PBXBuildFile; fileRef = F1F2256B192ABB2A00C06FE0 /* Foundation.framework */; };
		F1F2256E192ABB2A00C06FE0 /* CoreGraphics.framework in Frameworks */ = {isa = PBXBuildFile; fileRef = F1F2256D192ABB2A00C06FE0 /* CoreGraphics.framework */; };
		F1F22570192ABB2A00C06FE0 /* UIKit.framework in Frameworks */ = {isa = PBXBuildFile; fileRef = F1F2256F192ABB2A00C06FE0 /* UIKit.framework */; };
		F1F22576192ABB2A00C06FE0 /* InfoPlist.strings in Resources */ = {isa = PBXBuildFile; fileRef = F1F22574192ABB2A00C06FE0 /* InfoPlist.strings */; };
		F1F22578192ABB2A00C06FE0 /* main.m in Sources */ = {isa = PBXBuildFile; fileRef = F1F22577192ABB2A00C06FE0 /* main.m */; };
		F1F2257C192ABB2A00C06FE0 /* GTAppDelegate.m in Sources */ = {isa = PBXBuildFile; fileRef = F1F2257B192ABB2A00C06FE0 /* GTAppDelegate.m */; };
		F1F2257F192ABB2A00C06FE0 /* Main.storyboard in Resources */ = {isa = PBXBuildFile; fileRef = F1F2257D192ABB2A00C06FE0 /* Main.storyboard */; };
		F1F22582192ABB2A00C06FE0 /* GTViewController.m in Sources */ = {isa = PBXBuildFile; fileRef = F1F22581192ABB2A00C06FE0 /* GTViewController.m */; };
		F1F22584192ABB2A00C06FE0 /* Images.xcassets in Resources */ = {isa = PBXBuildFile; fileRef = F1F22583192ABB2A00C06FE0 /* Images.xcassets */; };
		F1F2258B192ABB2A00C06FE0 /* XCTest.framework in Frameworks */ = {isa = PBXBuildFile; fileRef = F1F2258A192ABB2A00C06FE0 /* XCTest.framework */; };
		F1F2258C192ABB2A00C06FE0 /* Foundation.framework in Frameworks */ = {isa = PBXBuildFile; fileRef = F1F2256B192ABB2A00C06FE0 /* Foundation.framework */; };
		F1F2258D192ABB2A00C06FE0 /* UIKit.framework in Frameworks */ = {isa = PBXBuildFile; fileRef = F1F2256F192ABB2A00C06FE0 /* UIKit.framework */; };
		F1F22595192ABB2A00C06FE0 /* InfoPlist.strings in Resources */ = {isa = PBXBuildFile; fileRef = F1F22593192ABB2A00C06FE0 /* InfoPlist.strings */; };
		F1F22597192ABB2A00C06FE0 /* GridTestTests.m in Sources */ = {isa = PBXBuildFile; fileRef = F1F22596192ABB2A00C06FE0 /* GridTestTests.m */; };
/* End PBXBuildFile section */

/* Begin PBXContainerItemProxy section */
		F1F2258E192ABB2A00C06FE0 /* PBXContainerItemProxy */ = {
			isa = PBXContainerItemProxy;
			containerPortal = F1F22560192ABB2A00C06FE0 /* Project object */;
			proxyType = 1;
			remoteGlobalIDString = F1F22567192ABB2A00C06FE0;
			remoteInfo = GridTest;
		};
/* End PBXContainerItemProxy section */

/* Begin PBXFileReference section */
		F1F22568192ABB2A00C06FE0 /* GridTest.app */ = {isa = PBXFileReference; explicitFileType = wrapper.application; includeInIndex = 0; path = GridTest.app; sourceTree = BUILT_PRODUCTS_DIR; };
		F1F2256B192ABB2A00C06FE0 /* Foundation.framework */ = {isa = PBXFileReference; lastKnownFileType = wrapper.framework; name = Foundation.framework; path = System/Library/Frameworks/Foundation.framework; sourceTree = SDKROOT; };
		F1F2256D192ABB2A00C06FE0 /* CoreGraphics.framework */ = {isa = PBXFileReference; lastKnownFileType = wrapper.framework; name = CoreGraphics.framework; path = System/Library/Frameworks/CoreGraphics.framework; sourceTree = SDKROOT; };
		F1F2256F192ABB2A00C06FE0 /* UIKit.framework */ = {isa = PBXFileReference; lastKnownFileType = wrapper.framework; name = UIKit.framework; path = System/Library/Frameworks/UIKit.framework; sourceTree = SDKROOT; };
		F1F22573192ABB2A00C06FE0 /* GridTest-Info.plist */ = {isa = PBXFileReference; lastKnownFileType = text.plist.xml; path = "GridTest-Info.plist"; sourceTree = "<group>"; };
		F1F22575192ABB2A00C06FE0 /* en */ = {isa = PBXFileReference; lastKnownFileType = text.plist.strings; name = en; path = en.lproj/InfoPlist.strings; sourceTree = "<group>"; };
		F1F22577192ABB2A00C06FE0 /* main.m */ = {isa = PBXFileReference; lastKnownFileType = sourcecode.c.objc; path = main.m; sourceTree = "<group>"; };
		F1F22579192ABB2A00C06FE0 /* GridTest-Prefix.pch */ = {isa = PBXFileReference; lastKnownFileType = sourcecode.c.h; path = "GridTest-Prefix.pch"; sourceTree = "<group>"; };
		F1F2257A192ABB2A00C06FE0 /* GTAppDelegate.h */ = {isa = PBXFileReference; lastKnownFileType = sourcecode.c.h; path = GTAppDelegate.h; sourceTree = "<group>"; };
		F1F2257B192ABB2A00C06FE0 /* GTAppDelegate.m */ = {isa = PBXFileReference; lastKnownFileType = sourcecode.c.objc; path = GTAppDelegate.m; sourceTree = "<group>"; };
		F1F2257E192ABB2A00C06FE0 /* Base */ = {isa = PBXFileReference; lastKnownFileType = file.storyboard; name = Base; path = Base.lproj/Main.storyboard; sourceTree = "<group>"; };
		F1F22580192ABB2A00C06FE0 /* GTViewController.h */ = {isa = PBXFileReference; lastKnownFileType = sourcecode.c.h; path = GTViewController.h; sourceTree = "<group>"; };
		F1F22581192ABB2A00C06FE0 /* GTViewController.m */ = {isa = PBXFileReference; lastKnownFileType = sourcecode.c.objc; path = GTViewController.m; sourceTree = "<group>"; };
		F1F22583192ABB2A00C06FE0 /* Images.xcassets */ = {isa = PBXFileReference; lastKnownFileType = folder.assetcatalog; path = Images.xcassets; sourceTree = "<group>"; };
		F1F22589192ABB2A00C06FE0 /* GridTestTests.xctest */ = {isa = PBXFileReference; explicitFileType = wrapper.cfbundle; includeInIndex = 0; path = GridTestTests.xctest; sourceTree = BUILT_PRODUCTS_DIR; };
		F1F2258A192ABB2A00C06FE0 /* XCTest.framework */ = {isa = PBXFileReference; lastKnownFileType = wrapper.framework; name = XCTest.framework; path = Library/Frameworks/XCTest.framework; sourceTree = DEVELOPER_DIR; };
		F1F22592192ABB2A00C06FE0 /* GridTestTests-Info.plist */ = {isa = PBXFileReference; lastKnownFileType = text.plist.xml; path = "GridTestTests-Info.plist"; sourceTree = "<group>"; };
		F1F22594192ABB2A00C06FE0 /* en */ = {isa = PBXFileReference; lastKnownFileType = text.plist.strings; name = en; path = en.lproj/InfoPlist.strings; sourceTree = "<group>"; };
		F1F22596192ABB2A00C06FE0 /* GridTestTests.m */ = {isa = PBXFileReference; lastKnownFileType = sourcecode.c.objc; path = GridTestTests.m; sourceTree = "<group>"; };
/* End PBXFileReference section */

/* Begin PBXFrameworksBuildPhase section */
		F1F22565192ABB2A00C06FE0 /* Frameworks */ = {
			isa = PBXFrameworksBuildPhase;
			buildActionMask = 2147483647;
			files = (
				F1F2256E192ABB2A00C06FE0 /* CoreGraphics.framework in Frameworks */,
				F1F22570192ABB2A00C06FE0 /* UIKit.framework in Frameworks */,
				F1F2256C192ABB2A00C06FE0 /* Foundation.framework in Frameworks */,
			);
			runOnlyForDeploymentPostprocessing = 0;
		};
		F1F22586192ABB2A00C06FE0 /* Frameworks */ = {
			isa = PBXFrameworksBuildPhase;
			buildActionMask = 2147483647;
			files = (
				F1F2258B192ABB2A00C06FE0 /* XCTest.framework in Frameworks */,
				F1F2258D192ABB2A00C06FE0 /* UIKit.framework in Frameworks */,
				F1F2258C192ABB2A00C06FE0 /* Foundation.framework in Frameworks */,
			);
			runOnlyForDeploymentPostprocessing = 0;
		};
/* End PBXFrameworksBuildPhase section */

/* Begin PBXGroup section */
		F1F2255F192ABB2A00C06FE0 = {
			isa = PBXGroup;
			children = (
				F1F22571192ABB2A00C06FE0 /* GridTest */,
				F1F22590192ABB2A00C06FE0 /* GridTestTests */,
				F1F2256A192ABB2A00C06FE0 /* Frameworks */,
				F1F22569192ABB2A00C06FE0 /* Products */,
			);
			sourceTree = "<group>";
		};
		F1F22569192ABB2A00C06FE0 /* Products */ = {
			isa = PBXGroup;
			children = (
				F1F22568192ABB2A00C06FE0 /* GridTest.app */,
				F1F22589192ABB2A00C06FE0 /* GridTestTests.xctest */,
			);
			name = Products;
			sourceTree = "<group>";
		};
		F1F2256A192ABB2A00C06FE0 /* Frameworks */ = {
			isa = PBXGroup;
			children = (
				F1F2256B192ABB2A00C06FE0 /* Foundation.framework */,
				F1F2256D192ABB2A00C06FE0 /* CoreGraphics.framework */,
				F1F2256F192ABB2A00C06FE0 /* UIKit.framework */,
				F1F2258A192ABB2A00C06FE0 /* XCTest.framework */,
			);
			name = Frameworks;
			sourceTree = "<group>";
		};
		F1F22571192ABB2A00C06FE0 /* GridTest */ = {
			isa = PBXGroup;
			children = (
				F1F2257A192ABB2A00C06FE0 /* GTAppDelegate.h */,
				F1F2257B192ABB2A00C06FE0 /* GTAppDelegate.m */,
				F1F2257D192ABB2A00C06FE0 /* Main.storyboard */,
				F1F22580192ABB2A00C06FE0 /* GTViewController.h */,
				F1F22581192ABB2A00C06FE0 /* GTViewController.m */,
				F1F22583192ABB2A00C06FE0 /* Images.xcassets */,
				F1F22572192ABB2A00C06FE0 /* Supporting Files */,
			);
			path = GridTest;
			sourceTree = "<group>";
		};
		F1F22572192ABB2A00C06FE0 /* Supporting Files */ = {
			isa = PBXGroup;
			children = (
				F1F22573192ABB2A00C06FE0 /* GridTest-Info.plist */,
				F1F22574192ABB2A00C06FE0 /* InfoPlist.strings */,
				F1F22577192ABB2A00C06FE0 /* main.m */,
				F1F22579192ABB2A00C06FE0 /* GridTest-Prefix.pch */,
			);
			name = "Supporting Files";
			sourceTree = "<group>";
		};
		F1F22590192ABB2A00C06FE0 /* GridTestTests */ = {
			isa = PBXGroup;
			children = (
				F1F22596192ABB2A00C06FE0 /* GridTestTests.m */,
				F1F22591192ABB2A00C06FE0 /* Supporting Files */,
			);
			path = GridTestTests;
			sourceTree = "<group>";
		};
		F1F22591192ABB2A00C06FE0 /* Supporting Files */ = {
			isa = PBXGroup;
			children = (
				F1F22592192ABB2A00C06FE0 /* GridTestTests-Info.plist */,
				F1F22593192ABB2A00C06FE0 /* InfoPlist.strings */,
			);
			name = "Supporting Files";
			sourceTree = "<group>";
		};
/* End PBXGroup section */

/* Begin PBXNativeTarget section */
		F1F22567192ABB2A00C06FE0 /* GridTest */ = {
			isa = PBXNativeTarget;
			buildConfigurationList = F1F2259A192ABB2A00C06FE0 /* Build configuration list for PBXNativeTarget "GridTest" */;
			buildPhases = (
				F1F22564192ABB2A00C06FE0 /* Sources */,
				F1F22565192ABB2A00C06FE0 /* Frameworks */,
				F1F22566192ABB2A00C06FE0 /* Resources */,
			);
			buildRules = (
			);
			dependencies = (
			);
			name = GridTest;
			productName = GridTest;
			productReference = F1F22568192ABB2A00C06FE0 /* GridTest.app */;
			productType = "com.apple.product-type.application";
		};
		F1F22588192ABB2A00C06FE0 /* GridTestTests */ = {
			isa = PBXNativeTarget;
			buildConfigurationList = F1F2259D192ABB2A00C06FE0 /* Build configuration list for PBXNativeTarget "GridTestTests" */;
			buildPhases = (
				F1F22585192ABB2A00C06FE0 /* Sources */,
				F1F22586192ABB2A00C06FE0 /* Frameworks */,
				F1F22587192ABB2A00C06FE0 /* Resources */,
			);
			buildRules = (
			);
			dependencies = (
				F1F2258F192ABB2A00C06FE0 /* PBXTargetDependency */,
			);
			name = GridTestTests;
			productName = GridTestTests;
			productReference = F1F22589192ABB2A00C06FE0 /* GridTestTests.xctest */;
			productType = "com.apple.product-type.bundle.unit-test";
		};
/* End PBXNativeTarget section */

/* Begin PBXProject section */
		F1F22560192ABB2A00C06FE0 /* Project object */ = {
			isa = PBXProject;
			attributes = {
				CLASSPREFIX = GT;
				LastUpgradeCheck = 0510;
				ORGANIZATIONNAME = Home;
				TargetAttributes = {
					F1F22588192ABB2A00C06FE0 = {
						TestTargetID = F1F22567192ABB2A00C06FE0;
					};
				};
			};
			buildConfigurationList = F1F22563192ABB2A00C06FE0 /* Build configuration list for PBXProject "GridTest" */;
			compatibilityVersion = "Xcode 3.2";
			developmentRegion = English;
			hasScannedForEncodings = 0;
			knownRegions = (
				en,
				Base,
			);
			mainGroup = F1F2255F192ABB2A00C06FE0;
			productRefGroup = F1F22569192ABB2A00C06FE0 /* Products */;
			projectDirPath = "";
			projectRoot = "";
			targets = (
				F1F22567192ABB2A00C06FE0 /* GridTest */,
				F1F22588192ABB2A00C06FE0 /* GridTestTests */,
			);
		};
/* End PBXProject section */

/* Begin PBXResourcesBuildPhase section */
		F1F22566192ABB2A00C06FE0 /* Resources */ = {
			isa = PBXResourcesBuildPhase;
			buildActionMask = 2147483647;
			files = (
				F1F22584192ABB2A00C06FE0 /* Images.xcassets in Resources */,
				F1F22576192ABB2A00C06FE0 /* InfoPlist.strings in Resources */,
				F1F2257F192ABB2A00C06FE0 /* Main.storyboard in Resources */,
			);
			runOnlyForDeploymentPostprocessing = 0;
		};
		F1F22587192ABB2A00C06FE0 /* Resources */ = {
			isa = PBXResourcesBuildPhase;
			buildActionMask = 2147483647;
			files = (
				F1F22595192ABB2A00C06FE0 /* InfoPlist.strings in Resources */,
			);
			runOnlyForDeploymentPostprocessing = 0;
		};
/* End PBXResourcesBuildPhase section */

/* Begin PBXSourcesBuildPhase section */
		F1F22564192ABB2A00C06FE0 /* Sources */ = {
			isa = PBXSourcesBuildPhase;
			buildActionMask = 2147483647;
			files = (
				F1F22578192ABB2A00C06FE0 /* main.m in Sources */,
				F1F22582192ABB2A00C06FE0 /* GTViewController.m in Sources */,
				F1F2257C192ABB2A00C06FE0 /* GTAppDelegate.m in Sources */,
			);
			runOnlyForDeploymentPostprocessing = 0;
		};
		F1F22585192ABB2A00C06FE0 /* Sources */ = {
			isa = PBXSourcesBuildPhase;
			buildActionMask = 2147483647;
			files = (
				F1F22597192ABB2A00C06FE0 /* GridTestTests.m in Sources */,
			);
			runOnlyForDeploymentPostprocessing = 0;
		};
/* End PBXSourcesBuildPhase section */

/* Begin PBXTargetDependency section */
		F1F2258F192ABB2A00C06FE0 /* PBXTargetDependency */ = {
			isa = PBXTargetDependency;
			target = F1F22567192ABB2A00C06FE0 /* GridTest */;
			targetProxy = F1F2258E192ABB2A00C06FE0 /* PBXContainerItemProxy */;
		};
/* End PBXTargetDependency section */

/* Begin PBXVariantGroup section */
		F1F22574192ABB2A00C06FE0 /* InfoPlist.strings */ = {
			isa = PBXVariantGroup;
			children = (
				F1F22575192ABB2A00C06FE0 /* en */,
			);
			name = InfoPlist.strings;
			sourceTree = "<group>";
		};
		F1F2257D192ABB2A00C06FE0 /* Main.storyboard */ = {
			isa = PBXVariantGroup;
			children = (
				F1F2257E192ABB2A00C06FE0 /* Base */,
			);
			name = Main.storyboard;
			sourceTree = "<group>";
		};
		F1F22593192ABB2A00C06FE0 /* InfoPlist.strings */ = {
			isa = PBXVariantGroup;
			children = (
				F1F22594192ABB2A00C06FE0 /* en */,
			);
			name = InfoPlist.strings;
			sourceTree = "<group>";
		};
/* End PBXVariantGroup section */

/* Begin XCBuildConfiguration section */
		F1F22598192ABB2A00C06FE0 /* Debug */ = {
			isa = XCBuildConfiguration;
			buildSettings = {
				ALWAYS_SEARCH_USER_PATHS = NO;
				CLANG_CXX_LANGUAGE_STANDARD = "gnu++0x";
				CLANG_CXX_LIBRARY = "libc++";
				CLANG_ENABLE_MODULES = YES;
				CLANG_ENABLE_OBJC_ARC = YES;
				CLANG_WARN_BOOL_CONVERSION = YES;
				CLANG_WARN_CONSTANT_CONVERSION = YES;
				CLANG_WARN_DIRECT_OBJC_ISA_USAGE = YES_ERROR;
				CLANG_WARN_EMPTY_BODY = YES;
				CLANG_WARN_ENUM_CONVERSION = YES;
				CLANG_WARN_INT_CONVERSION = YES;
				CLANG_WARN_OBJC_ROOT_CLASS = YES_ERROR;
				CLANG_WARN__DUPLICATE_METHOD_MATCH = YES;
				"CODE_SIGN_IDENTITY[sdk=iphoneos*]" = "iPhone Developer";
				COPY_PHASE_STRIP = NO;
				GCC_C_LANGUAGE_STANDARD = gnu99;
				GCC_DYNAMIC_NO_PIC = NO;
				GCC_OPTIMIZATION_LEVEL = 0;
				GCC_PREPROCESSOR_DEFINITIONS = (
					"DEBUG=1",
					"$(inherited)",
				);
				GCC_SYMBOLS_PRIVATE_EXTERN = NO;
				GCC_WARN_64_TO_32_BIT_CONVERSION = YES;
				GCC_WARN_ABOUT_RETURN_TYPE = YES_ERROR;
				GCC_WARN_UNDECLARED_SELECTOR = YES;
				GCC_WARN_UNINITIALIZED_AUTOS = YES_AGGRESSIVE;
				GCC_WARN_UNUSED_FUNCTION = YES;
				GCC_WARN_UNUSED_VARIABLE = YES;
				IPHONEOS_DEPLOYMENT_TARGET = 7.1;
				ONLY_ACTIVE_ARCH = YES;
				SDKROOT = iphoneos;
			};
			name = Debug;
		};
		F1F22599192ABB2A00C06FE0 /* Release */ = {
			isa = XCBuildConfiguration;
			buildSettings = {
				ALWAYS_SEARCH_USER_PATHS = NO;
				CLANG_CXX_LANGUAGE_STANDARD = "gnu++0x";
				CLANG_CXX_LIBRARY = "libc++";
				CLANG_ENABLE_MODULES = YES;
				CLANG_ENABLE_OBJC_ARC = YES;
				CLANG_WARN_BOOL_CONVERSION = YES;
				CLANG_WARN_CONSTANT_CONVERSION = YES;
				CLANG_WARN_DIRECT_OBJC_ISA_USAGE = YES_ERROR;
				CLANG_WARN_EMPTY_BODY = YES;
				CLANG_WARN_ENUM_CONVERSION = YES;
				CLANG_WARN_INT_CONVERSION = YES;
				CLANG_WARN_OBJC_ROOT_CLASS = YES_ERROR;
				CLANG_WARN__DUPLICATE_METHOD_MATCH = YES;
				"CODE_SIGN_IDENTITY[sdk=iphoneos*]" = "iPhone Developer";
				COPY_PHASE_STRIP = YES;
				ENABLE_NS_ASSERTIONS = NO;
				GCC_C_LANGUAGE_STANDARD = gnu99;
				GCC_WARN_64_TO_32_BIT_CONVERSION = YES;
				GCC_WARN_ABOUT_RETURN_TYPE = YES_ERROR;
				GCC_WARN_UNDECLARED_SELECTOR = YES;
				GCC_WARN_UNINITIALIZED_AUTOS = YES_AGGRESSIVE;
				GCC_WARN_UNUSED_FUNCTION = YES;
				GCC_WARN_UNUSED_VARIABLE = YES;
				IPHONEOS_DEPLOYMENT_TARGET = 7.1;
				SDKROOT = iphoneos;
				VALIDATE_PRODUCT = YES;
			};
			name = Release;
		};
		F1F2259B192ABB2A00C06FE0 /* Debug */ = {
			isa = XCBuildConfiguration;
			buildSettings = {
				ASSETCATALOG_COMPILER_APPICON_NAME = AppIcon;
				ASSETCATALOG_COMPILER_LAUNCHIMAGE_NAME = LaunchImage;
				GCC_PRECOMPILE_PREFIX_HEADER = YES;
				GCC_PREFIX_HEADER = "GridTest/GridTest-Prefix.pch";
				INFOPLIST_FILE = "GridTest/GridTest-Info.plist";
				PRODUCT_NAME = "$(TARGET_NAME)";
				WRAPPER_EXTENSION = app;
			};
			name = Debug;
		};
		F1F2259C192ABB2A00C06FE0 /* Release */ = {
			isa = XCBuildConfiguration;
			buildSettings = {
				ASSETCATALOG_COMPILER_APPICON_NAME = AppIcon;
				ASSETCATALOG_COMPILER_LAUNCHIMAGE_NAME = LaunchImage;
				GCC_PRECOMPILE_PREFIX_HEADER = YES;
				GCC_PREFIX_HEADER = "GridTest/GridTest-Prefix.pch";
				INFOPLIST_FILE = "GridTest/GridTest-Info.plist";
				PRODUCT_NAME = "$(TARGET_NAME)";
				WRAPPER_EXTENSION = app;
			};
			name = Release;
		};
		F1F2259E192ABB2A00C06FE0 /* Debug */ = {
			isa = XCBuildConfiguration;
			buildSettings = {
				BUNDLE_LOADER = "$(BUILT_PRODUCTS_DIR)/GridTest.app/GridTest";
				FRAMEWORK_SEARCH_PATHS = (
					"$(SDKROOT)/Developer/Library/Frameworks",
					"$(inherited)",
					"$(DEVELOPER_FRAMEWORKS_DIR)",
				);
				GCC_PRECOMPILE_PREFIX_HEADER = YES;
				GCC_PREFIX_HEADER = "GridTest/GridTest-Prefix.pch";
				GCC_PREPROCESSOR_DEFINITIONS = (
					"DEBUG=1",
					"$(inherited)",
				);
				INFOPLIST_FILE = "GridTestTests/GridTestTests-Info.plist";
				PRODUCT_NAME = "$(TARGET_NAME)";
				TEST_HOST = "$(BUNDLE_LOADER)";
				WRAPPER_EXTENSION = xctest;
			};
			name = Debug;
		};
		F1F2259F192ABB2A00C06FE0 /* Release */ = {
			isa = XCBuildConfiguration;
			buildSettings = {
				BUNDLE_LOADER = "$(BUILT_PRODUCTS_DIR)/GridTest.app/GridTest";
				FRAMEWORK_SEARCH_PATHS = (
					"$(SDKROOT)/Developer/Library/Frameworks",
					"$(inherited)",
					"$(DEVELOPER_FRAMEWORKS_DIR)",
				);
				GCC_PRECOMPILE_PREFIX_HEADER = YES;
				GCC_PREFIX_HEADER = "GridTest/GridTest-Prefix.pch";
				INFOPLIST_FILE = "GridTestTests/GridTestTests-Info.plist";
				PRODUCT_NAME = "$(TARGET_NAME)";
				TEST_HOST = "$(BUNDLE_LOADER)";
				WRAPPER_EXTENSION = xctest;
			};
			name = Release;
		};
/* End XCBuildConfiguration section */

/* Begin XCConfigurationList section */
		F1F22563192ABB2A00C06FE0 /* Build configuration list for PBXProject "GridTest" */ = {
			isa = XCConfigurationList;
			buildConfigurations = (
				F1F22598192ABB2A00C06FE0 /* Debug */,
				F1F22599192ABB2A00C06FE0 /* Release */,
			);
			defaultConfigurationIsVisible = 0;
			defaultConfigurationName = Release;
		};
		F1F2259A192ABB2A00C06FE0 /* Build configuration list for PBXNativeTarget "GridTest" */ = {
			isa = XCConfigurationList;
			buildConfigurations = (
				F1F2259B192ABB2A00C06FE0 /* Debug */,
				F1F2259C192ABB2A00C06FE0 /* Release */,
			);
			defaultConfigurationIsVisible = 0;
		};
		F1F2259D192ABB2A00C06FE0 /* Build configuration list for PBXNativeTarget "GridTestTests" */ = {
			isa = XCConfigurationList;
			buildConfigurations = (
				F1F2259E192ABB2A00C06FE0 /* Debug */,
				F1F2259F192ABB2A00C06FE0 /* Release */,
			);
			defaultConfigurationIsVisible = 0;
		};
/* End XCConfigurationList section */
	};
	rootObject = F1F22560192ABB2A00C06FE0 /* Project object */;
}
